
Microsoft Visual Studio Solution File, Format Version 12.00
# Visual Studio 2013
VisualStudioVersion = 12.0.30723.0
MinimumVisualStudioVersion = 10.0.40219.1
Project("{FAE04EC0-301F-11D3-BF4B-00C04F79EFBC}") = "AuthExtern", "AuthExtern\AuthExtern.csproj", "{74D782D5-DD60-48B2-9C7D-777B7B44270B}"
EndProject
Project("{2150E333-8FDC-42A3-9474-1A3956D46DE8}") = "PublishScripts", "PublishScripts", "{FEF5B218-06B2-4749-A429-A9B907318EF2}"
	ProjectSection(SolutionItems) = preProject
		PublishScripts\AzureWebsitePublishModule.psm1 = PublishScripts\AzureWebsitePublishModule.psm1
		PublishScripts\Publish-WebApplicationWebsite.ps1 = PublishScripts\Publish-WebApplicationWebsite.ps1
	EndProjectSection
EndProject
Project("{2150E333-8FDC-42A3-9474-1A3956D46DE8}") = "Configurations", "Configurations", "{F987BD4A-94C6-4968-BE14-69FBD891BAC1}"
	ProjectSection(SolutionItems) = preProject
		PublishScripts\Configurations\AuthExtern-WAWS-dev.json = PublishScripts\Configurations\AuthExtern-WAWS-dev.json
	EndProjectSection
EndProject
Project("{2150E333-8FDC-42A3-9474-1A3956D46DE8}") = ".nuget", ".nuget", "{0C0BC519-AD46-4421-A305-527D85E4F9B6}"
	ProjectSection(SolutionItems) = preProject
		.nuget\NuGet.Config = .nuget\NuGet.Config
		.nuget\NuGet.exe = .nuget\NuGet.exe
		.nuget\NuGet.targets = .nuget\NuGet.targets
	EndProjectSection
EndProject
Global
	GlobalSection(SolutionConfigurationPlatforms) = preSolution
		Debug|Any CPU = Debug|Any CPU
		Release|Any CPU = Release|Any CPU
	EndGlobalSection
	GlobalSection(ProjectConfigurationPlatforms) = postSolution
		{74D782D5-DD60-48B2-9C7D-777B7B44270B}.Debug|Any CPU.ActiveCfg = Debug|Any CPU
		{74D782D5-DD60-48B2-9C7D-777B7B44270B}.Debug|Any CPU.Build.0 = Debug|Any CPU
		{74D782D5-DD60-48B2-9C7D-777B7B44270B}.Release|Any CPU.ActiveCfg = Release|Any CPU
		{74D782D5-DD60-48B2-9C7D-777B7B44270B}.Release|Any CPU.Build.0 = Release|Any CPU
	EndGlobalSection
	GlobalSection(SolutionProperties) = preSolution
		HideSolutionNode = FALSE
	EndGlobalSection
	GlobalSection(NestedProjects) = preSolution
		{F987BD4A-94C6-4968-BE14-69FBD891BAC1} = {FEF5B218-06B2-4749-A429-A9B907318EF2}
	EndGlobalSection
EndGlobal
